
Microsoft Visual Studio Solution File, Format Version 12.00
# Visual Studio Version 17
VisualStudioVersion = 17.11.35222.181
MinimumVisualStudioVersion = 10.0.40219.1
Project("{2150E333-8FDC-42A3-9474-1A3956D46DE8}") = "1-Apresentação", "1-Apresentação", "{6F14AC97-7811-4770-9E4E-3577FC505CB0}"
EndProject
Project("{2150E333-8FDC-42A3-9474-1A3956D46DE8}") = "5- Doc´s", "5- Doc´s", "{8C6EB751-4564-4C84-AC5E-F44DCC598798}"
	ProjectSection(SolutionItems) = preProject
		..\..\README.md = ..\..\README.md
	EndProjectSection
EndProject
Project("{2150E333-8FDC-42A3-9474-1A3956D46DE8}") = "2- Dominio", "2- Dominio", "{503E03CF-5948-474A-8313-0AE0EA1E1AE0}"
EndProject
Project("{2150E333-8FDC-42A3-9474-1A3956D46DE8}") = "3- DAO", "3- DAO", "{5EEE8918-AEA3-4C93-8E05-E8FA9431CFA2}"
	ProjectSection(SolutionItems) = preProject
		GestaoImobiliaria.Web\Models\ImobiliariaDbContext.cs = GestaoImobiliaria.Web\Models\ImobiliariaDbContext.cs
	EndProjectSection
EndProject
Project("{2150E333-8FDC-42A3-9474-1A3956D46DE8}") = "4- Testes", "4- Testes", "{B4C81CF3-FFD1-4A6E-A290-B3E0CBE6F7FC}"
EndProject
Project("{9A19103F-16F7-4668-BE54-9A1E7A4F7556}") = "GestaoImobiliaria.Web", "GestaoImobiliaria.Web\GestaoImobiliaria.Web.csproj", "{B2143071-021E-4D27-9F48-DA6618000603}"
EndProject
Project("{9A19103F-16F7-4668-BE54-9A1E7A4F7556}") = "GestaoImobiliaria.Dominio", "GestaoImobiliaria.Dominio\GestaoImobiliaria.Dominio.csproj", "{B011D414-1E62-4B1B-A7FF-D0760974063C}"
EndProject
Project("{9A19103F-16F7-4668-BE54-9A1E7A4F7556}") = "GestaoImobiliaria.DAO", "GestaoImobiliaria.DAO\GestaoImobiliaria.DAO.csproj", "{C2124997-D7DB-4FEE-84A3-6E998E66415B}"
EndProject
Project("{9A19103F-16F7-4668-BE54-9A1E7A4F7556}") = "GestaoImobiliaria.Testes", "GestaoImobiliaria.Testes\GestaoImobiliaria.Testes.csproj", "{38578893-64F5-4C43-879D-D37EEE28FD57}"
EndProject
Project("{2150E333-8FDC-42A3-9474-1A3956D46DE8}") = "DataBase", "DataBase", "{097260A4-FB25-441E-9C9B-BCF8C25A9692}"
	ProjectSection(SolutionItems) = preProject
		..\..\DOC´s\DataBase\Scipt_Inicial.sql = ..\..\DOC´s\DataBase\Scipt_Inicial.sql
	EndProjectSection
EndProject
Project("{2150E333-8FDC-42A3-9474-1A3956D46DE8}") = "ModuloClientes", "ModuloClientes", "{F10E2E9B-E974-4E10-80E8-9A5A30546BC2}"
	ProjectSection(SolutionItems) = preProject
		IClienteRepositorio.cs = IClienteRepositorio.cs
		IServiceCliente.cs = IServiceCliente.cs
	EndProjectSection
EndProject
Project("{2150E333-8FDC-42A3-9474-1A3956D46DE8}") = "RepositoriosEF", "RepositoriosEF", "{1A09BA2B-7FAA-4086-A7CC-99729CF990C5}"
	ProjectSection(SolutionItems) = preProject
		RepositorioClientes.cs = RepositorioClientes.cs
		RepositorioCorretores.cs = RepositorioCorretores.cs
		RepositorioImoveis.cs = RepositorioImoveis.cs
	EndProjectSection
EndProject
Project("{2150E333-8FDC-42A3-9474-1A3956D46DE8}") = "Configurations", "Configurations", "{5EC79B26-54BF-4AE4-BEEA-6BA3DFDC9E50}"
	ProjectSection(SolutionItems) = preProject
		ConnectinsString.cs = ConnectinsString.cs
	EndProjectSection
EndProject
Global
	GlobalSection(SolutionConfigurationPlatforms) = preSolution
		Debug|Any CPU = Debug|Any CPU
		Release|Any CPU = Release|Any CPU
	EndGlobalSection
	GlobalSection(ProjectConfigurationPlatforms) = postSolution
		{B2143071-021E-4D27-9F48-DA6618000603}.Debug|Any CPU.ActiveCfg = Debug|Any CPU
		{B2143071-021E-4D27-9F48-DA6618000603}.Debug|Any CPU.Build.0 = Debug|Any CPU
		{B2143071-021E-4D27-9F48-DA6618000603}.Release|Any CPU.ActiveCfg = Release|Any CPU
		{B2143071-021E-4D27-9F48-DA6618000603}.Release|Any CPU.Build.0 = Release|Any CPU
		{B011D414-1E62-4B1B-A7FF-D0760974063C}.Debug|Any CPU.ActiveCfg = Debug|Any CPU
		{B011D414-1E62-4B1B-A7FF-D0760974063C}.Debug|Any CPU.Build.0 = Debug|Any CPU
		{B011D414-1E62-4B1B-A7FF-D0760974063C}.Release|Any CPU.ActiveCfg = Release|Any CPU
		{B011D414-1E62-4B1B-A7FF-D0760974063C}.Release|Any CPU.Build.0 = Release|Any CPU
		{C2124997-D7DB-4FEE-84A3-6E998E66415B}.Debug|Any CPU.ActiveCfg = Debug|Any CPU
		{C2124997-D7DB-4FEE-84A3-6E998E66415B}.Debug|Any CPU.Build.0 = Debug|Any CPU
		{C2124997-D7DB-4FEE-84A3-6E998E66415B}.Release|Any CPU.ActiveCfg = Release|Any CPU
		{C2124997-D7DB-4FEE-84A3-6E998E66415B}.Release|Any CPU.Build.0 = Release|Any CPU
		{38578893-64F5-4C43-879D-D37EEE28FD57}.Debug|Any CPU.ActiveCfg = Debug|Any CPU
		{38578893-64F5-4C43-879D-D37EEE28FD57}.Debug|Any CPU.Build.0 = Debug|Any CPU
		{38578893-64F5-4C43-879D-D37EEE28FD57}.Release|Any CPU.ActiveCfg = Release|Any CPU
		{38578893-64F5-4C43-879D-D37EEE28FD57}.Release|Any CPU.Build.0 = Release|Any CPU
	EndGlobalSection
	GlobalSection(SolutionProperties) = preSolution
		HideSolutionNode = FALSE
	EndGlobalSection
	GlobalSection(NestedProjects) = preSolution
		{B2143071-021E-4D27-9F48-DA6618000603} = {6F14AC97-7811-4770-9E4E-3577FC505CB0}
		{B011D414-1E62-4B1B-A7FF-D0760974063C} = {503E03CF-5948-474A-8313-0AE0EA1E1AE0}
		{C2124997-D7DB-4FEE-84A3-6E998E66415B} = {5EEE8918-AEA3-4C93-8E05-E8FA9431CFA2}
		{38578893-64F5-4C43-879D-D37EEE28FD57} = {B4C81CF3-FFD1-4A6E-A290-B3E0CBE6F7FC}
		{097260A4-FB25-441E-9C9B-BCF8C25A9692} = {8C6EB751-4564-4C84-AC5E-F44DCC598798}
		{F10E2E9B-E974-4E10-80E8-9A5A30546BC2} = {503E03CF-5948-474A-8313-0AE0EA1E1AE0}
		{1A09BA2B-7FAA-4086-A7CC-99729CF990C5} = {5EEE8918-AEA3-4C93-8E05-E8FA9431CFA2}
		{5EC79B26-54BF-4AE4-BEEA-6BA3DFDC9E50} = {5EEE8918-AEA3-4C93-8E05-E8FA9431CFA2}
	EndGlobalSection
	GlobalSection(ExtensibilityGlobals) = postSolution
		SolutionGuid = {A63171D7-DDAB-46CF-91D8-571164B9148E}
	EndGlobalSection
EndGlobal
